PODS:
  - OCMock (3.2.2)
  - OHHTTPStubs (4.7.1):
    - OHHTTPStubs/Default (= 4.7.1)
  - OHHTTPStubs/Core (4.7.1)
  - OHHTTPStubs/Default (4.7.1):
    - OHHTTPStubs/Core
    - OHHTTPStubs/JSON
    - OHHTTPStubs/NSURLSession
    - OHHTTPStubs/OHPathHelpers
  - OHHTTPStubs/JSON (4.7.1):
    - OHHTTPStubs/Core
  - OHHTTPStubs/NSURLSession (4.7.1):
    - OHHTTPStubs/Core
  - OHHTTPStubs/OHPathHelpers (4.7.1)

DEPENDENCIES:
  - OCMock
  - OHHTTPStubs

SPEC CHECKSUMS:
  OCMock: 18c9b7e67d4c2770e95bb77a9cc1ae0c91fe3835
  OHHTTPStubs: f7d1604d04d37d055460c0ef9af01bb249ded0fa

PODFILE CHECKSUM: e4ea1d31e1c4e8dd512d26af4ad712b8d1e86ccc

COCOAPODS: 1.0.1
