// !$*UTF8*$!
{
	archiveVersion = 1;
	classes = {
	};
	objectVersion = 46;
	objects = {

/* Begin PBXBuildFile section */
		081D777F1C96EE2F00B82FBA /* arithmetic.xml in Resources */ = {isa = PBXBuildFile; fileRef = 081D777C1C96EE2F00B82FBA /* arithmetic.xml */; };
		081D77801C96EE2F00B82FBA /* euler.xml in Resources */ = {isa = PBXBuildFile; fileRef = 081D777D1C96EE2F00B82FBA /* euler.xml */; };
		081D77811C96EE2F00B82FBA /* pi.xml in Resources */ = {isa = PBXBuildFile; fileRef = 081D777E1C96EE2F00B82FBA /* pi.xml */; };
		0877E77C1C9271F90028992E /* MCAWolframAlphaOutputParser.m in Sources */ = {isa = PBXBuildFile; fileRef = 0877E77B1C9271F90028992E /* MCAWolframAlphaOutputParser.m */; };
		08B529551C97CAE100B8F6E1 /* MCAWolframAlphaViewController.m in Sources */ = {isa = PBXBuildFile; fileRef = 08B529531C97CAE100B8F6E1 /* MCAWolframAlphaViewController.m */; };
		08F14B801C96495500366343 /* MCAWolframAlphaDataSource.m in Sources */ = {isa = PBXBuildFile; fileRef = 08F14B7F1C96495500366343 /* MCAWolframAlphaDataSource.m */; };
		08F14B831C96503700366343 /* MCAWolframAlphaTableViewCell.m in Sources */ = {isa = PBXBuildFile; fileRef = 08F14B821C96503700366343 /* MCAWolframAlphaTableViewCell.m */; };
		08F14B861C96532100366343 /* MCAWolframAlphaSectionData.m in Sources */ = {isa = PBXBuildFile; fileRef = 08F14B851C96532100366343 /* MCAWolframAlphaSectionData.m */; };
		08F14B881C965B8500366343 /* MCAWolframAlphaOutputParserTests.m in Sources */ = {isa = PBXBuildFile; fileRef = 08F14B871C965B8500366343 /* MCAWolframAlphaOutputParserTests.m */; };
		08FEDCF71C893F1500AD60AC /* MCAWolframAlphaQuery.m in Sources */ = {isa = PBXBuildFile; fileRef = 08FEDCF61C893F1500AD60AC /* MCAWolframAlphaQuery.m */; };
		08FEDCF91C8940EB00AD60AC /* MCAWolframAlphaQueryTests.m in Sources */ = {isa = PBXBuildFile; fileRef = 08FEDCF81C8940EB00AD60AC /* MCAWolframAlphaQueryTests.m */; };
		71D555191D87023E0075885C /* Main.storyboard in Resources */ = {isa = PBXBuildFile; fileRef = 71D555181D87023E0075885C /* Main.storyboard */; };
		71D5551B1D87025B0075885C /* MCACalculatorViewController.m in Sources */ = {isa = PBXBuildFile; fileRef = 71D5551A1D87025B0075885C /* MCACalculatorViewController.m */; };
		71D5551D1D87027E0075885C /* MCACalculatorViewControllerTests.m in Sources */ = {isa = PBXBuildFile; fileRef = 71D5551C1D87027E0075885C /* MCACalculatorViewControllerTests.m */; };
		7FC90CD90BE026F0CCF12F20 /* libPods-CalculatorTests.a in Frameworks */ = {isa = PBXBuildFile; fileRef = 9C111A50C89B3BE092971405 /* libPods-CalculatorTests.a */; };
		B96F489B1C8D394F003A2A2F /* MCAWolframAlphaViewControllerTests.m in Sources */ = {isa = PBXBuildFile; fileRef = B96F489A1C8D394F003A2A2F /* MCAWolframAlphaViewControllerTests.m */; };
		B97110601C84827600069433 /* main.m in Sources */ = {isa = PBXBuildFile; fileRef = B971105F1C84827600069433 /* main.m */; };
		B97110631C84827600069433 /* MCAAppDelegate.m in Sources */ = {isa = PBXBuildFile; fileRef = B97110621C84827600069433 /* MCAAppDelegate.m */; };
		B971106B1C84827600069433 /* Assets.xcassets in Resources */ = {isa = PBXBuildFile; fileRef = B971106A1C84827600069433 /* Assets.xcassets */; };
		B971106E1C84827600069433 /* LaunchScreen.storyboard in Resources */ = {isa = PBXBuildFile; fileRef = B971106C1C84827600069433 /* LaunchScreen.storyboard */; };
		B97110851C84875400069433 /* MCABaseTestCase.m in Sources */ = {isa = PBXBuildFile; fileRef = B97110841C84875400069433 /* MCABaseTestCase.m */; };
		B97110881C848B6D00069433 /* MCAHTTPStubUtils.m in Sources */ = {isa = PBXBuildFile; fileRef = B97110871C848B6D00069433 /* MCAHTTPStubUtils.m */; };
		B99126021C968559000163F0 /* MCACalculator.m in Sources */ = {isa = PBXBuildFile; fileRef = B99126011C968559000163F0 /* MCACalculator.m */; };
		B99126061C96858A000163F0 /* MCAOperator.m in Sources */ = {isa = PBXBuildFile; fileRef = B99126051C96858A000163F0 /* MCAOperator.m */; };
		B9A879B51C97A96F00C10762 /* NSString+MCAOperandStringUtils.m in Sources */ = {isa = PBXBuildFile; fileRef = B9A879B41C97A96F00C10762 /* NSString+MCAOperandStringUtils.m */; };
		B9EE7E641C97F0F600EDBF8F /* NSString+MCAOperandStringUtilsTests.m in Sources */ = {isa = PBXBuildFile; fileRef = B9EE7E631C97F0F600EDBF8F /* NSString+MCAOperandStringUtilsTests.m */; };
		B9EE7E661C980EF100EDBF8F /* MCAOperatorTests.m in Sources */ = {isa = PBXBuildFile; fileRef = B9EE7E651C980EF100EDBF8F /* MCAOperatorTests.m */; };
		B9EE7E681C98175000EDBF8F /* MCACalculatorTests.m in Sources */ = {isa = PBXBuildFile; fileRef = B9EE7E671C98175000EDBF8F /* MCACalculatorTests.m */; };
/* End PBXBuildFile section */

/* Begin PBXContainerItemProxy section */
		B97110751C84827600069433 /* PBXContainerItemProxy */ = {
			isa = PBXContainerItemProxy;
			containerPortal = B97110531C84827600069433 /* Project object */;
			proxyType = 1;
			remoteGlobalIDString = B971105A1C84827600069433;
			remoteInfo = Calculator;
		};
/* End PBXContainerItemProxy section */

/* Begin PBXFileReference section */
		081D777C1C96EE2F00B82FBA /* arithmetic.xml */ = {isa = PBXFileReference; fileEncoding = 4; lastKnownFileType = text.xml; path = arithmetic.xml; sourceTree = "<group>"; };
		081D777D1C96EE2F00B82FBA /* euler.xml */ = {isa = PBXFileReference; fileEncoding = 4; lastKnownFileType = text.xml; path = euler.xml; sourceTree = "<group>"; };
		081D777E1C96EE2F00B82FBA /* pi.xml */ = {isa = PBXFileReference; fileEncoding = 4; lastKnownFileType = text.xml; path = pi.xml; sourceTree = "<group>"; };
		0877E77A1C9271F90028992E /* MCAWolframAlphaOutputParser.h */ = {isa = PBXFileReference; fileEncoding = 4; lastKnownFileType = sourcecode.c.h; path = MCAWolframAlphaOutputParser.h; sourceTree = "<group>"; };
		0877E77B1C9271F90028992E /* MCAWolframAlphaOutputParser.m */ = {isa = PBXFileReference; fileEncoding = 4; lastKnownFileType = sourcecode.c.objc; path = MCAWolframAlphaOutputParser.m; sourceTree = "<group>"; };
		08B529501C97CAE100B8F6E1 /* MCACalculatorViewController.h */ = {isa = PBXFileReference; fileEncoding = 4; lastKnownFileType = sourcecode.c.h; path = MCACalculatorViewController.h; sourceTree = "<group>"; };
		08B529521C97CAE100B8F6E1 /* MCAWolframAlphaViewController.h */ = {isa = PBXFileReference; fileEncoding = 4; lastKnownFileType = sourcecode.c.h; path = MCAWolframAlphaViewController.h; sourceTree = "<group>"; };
		08B529531C97CAE100B8F6E1 /* MCAWolframAlphaViewController.m */ = {isa = PBXFileReference; fileEncoding = 4; lastKnownFileType = sourcecode.c.objc; path = MCAWolframAlphaViewController.m; sourceTree = "<group>"; };
		08F14B7E1C96495500366343 /* MCAWolframAlphaDataSource.h */ = {isa = PBXFileReference; fileEncoding = 4; lastKnownFileType = sourcecode.c.h; path = MCAWolframAlphaDataSource.h; sourceTree = "<group>"; };
		08F14B7F1C96495500366343 /* MCAWolframAlphaDataSource.m */ = {isa = PBXFileReference; fileEncoding = 4; lastKnownFileType = sourcecode.c.objc; path = MCAWolframAlphaDataSource.m; sourceTree = "<group>"; };
		08F14B811C96503700366343 /* MCAWolframAlphaTableViewCell.h */ = {isa = PBXFileReference; fileEncoding = 4; lastKnownFileType = sourcecode.c.h; path = MCAWolframAlphaTableViewCell.h; sourceTree = "<group>"; };
		08F14B821C96503700366343 /* MCAWolframAlphaTableViewCell.m */ = {isa = PBXFileReference; fileEncoding = 4; lastKnownFileType = sourcecode.c.objc; path = MCAWolframAlphaTableViewCell.m; sourceTree = "<group>"; };
		08F14B841C96532100366343 /* MCAWolframAlphaSectionData.h */ = {isa = PBXFileReference; fileEncoding = 4; lastKnownFileType = sourcecode.c.h; path = MCAWolframAlphaSectionData.h; sourceTree = "<group>"; };
		08F14B851C96532100366343 /* MCAWolframAlphaSectionData.m */ = {isa = PBXFileReference; fileEncoding = 4; lastKnownFileType = sourcecode.c.objc; path = MCAWolframAlphaSectionData.m; sourceTree = "<group>"; };
		08F14B871C965B8500366343 /* MCAWolframAlphaOutputParserTests.m */ = {isa = PBXFileReference; fileEncoding = 4; lastKnownFileType = sourcecode.c.objc; path = MCAWolframAlphaOutputParserTests.m; sourceTree = "<group>"; };
		08FEDCF51C893F1500AD60AC /* MCAWolframAlphaQuery.h */ = {isa = PBXFileReference; fileEncoding = 4; lastKnownFileType = sourcecode.c.h; path = MCAWolframAlphaQuery.h; sourceTree = "<group>"; };
		08FEDCF61C893F1500AD60AC /* MCAWolframAlphaQuery.m */ = {isa = PBXFileReference; fileEncoding = 4; lastKnownFileType = sourcecode.c.objc; path = MCAWolframAlphaQuery.m; sourceTree = "<group>"; };
		08FEDCF81C8940EB00AD60AC /* MCAWolframAlphaQueryTests.m */ = {isa = PBXFileReference; fileEncoding = 4; lastKnownFileType = sourcecode.c.objc; path = MCAWolframAlphaQueryTests.m; sourceTree = "<group>"; };
		6A9ACF163432DE7C7B37BF95 /* Pods-CalculatorTests.debug.xcconfig */ = {isa = PBXFileReference; includeInIndex = 1; lastKnownFileType = text.xcconfig; name = "Pods-CalculatorTests.debug.xcconfig"; path = "Pods/Target Support Files/Pods-CalculatorTests/Pods-CalculatorTests.debug.xcconfig"; sourceTree = "<group>"; };
		6D9BBD36DA82E0F72788A137 /* Pods-CalculatorTests.release.xcconfig */ = {isa = PBXFileReference; includeInIndex = 1; lastKnownFileType = text.xcconfig; name = "Pods-CalculatorTests.release.xcconfig"; path = "Pods/Target Support Files/Pods-CalculatorTests/Pods-CalculatorTests.release.xcconfig"; sourceTree = "<group>"; };
		71D555181D87023E0075885C /* Main.storyboard */ = {isa = PBXFileReference; fileEncoding = 4; lastKnownFileType = file.storyboard; path = Main.storyboard; sourceTree = "<group>"; };
		71D5551A1D87025B0075885C /* MCACalculatorViewController.m */ = {isa = PBXFileReference; fileEncoding = 4; lastKnownFileType = sourcecode.c.objc; path = MCACalculatorViewController.m; sourceTree = "<group>"; };
		71D5551C1D87027E0075885C /* MCACalculatorViewControllerTests.m */ = {isa = PBXFileReference; fileEncoding = 4; lastKnownFileType = sourcecode.c.objc; path = MCACalculatorViewControllerTests.m; sourceTree = "<group>"; };
		9C111A50C89B3BE092971405 /* libPods-CalculatorTests.a */ = {isa = PBXFileReference; explicitFileType = archive.ar; includeInIndex = 0; path = "libPods-CalculatorTests.a"; sourceTree = BUILT_PRODUCTS_DIR; };
		B96F489A1C8D394F003A2A2F /* MCAWolframAlphaViewControllerTests.m */ = {isa = PBXFileReference; fileEncoding = 4; lastKnownFileType = sourcecode.c.objc; path = MCAWolframAlphaViewControllerTests.m; sourceTree = "<group>"; };
		B971105B1C84827600069433 /* Calculator.app */ = {isa = PBXFileReference; explicitFileType = wrapper.application; includeInIndex = 0; path = Calculator.app; sourceTree = BUILT_PRODUCTS_DIR; };
		B971105F1C84827600069433 /* main.m */ = {isa = PBXFileReference; lastKnownFileType = sourcecode.c.objc; path = main.m; sourceTree = "<group>"; };
		B97110611C84827600069433 /* MCAAppDelegate.h */ = {isa = PBXFileReference; lastKnownFileType = sourcecode.c.h; path = MCAAppDelegate.h; sourceTree = "<group>"; };
		B97110621C84827600069433 /* MCAAppDelegate.m */ = {isa = PBXFileReference; lastKnownFileType = sourcecode.c.objc; path = MCAAppDelegate.m; sourceTree = "<group>"; };
		B971106A1C84827600069433 /* Assets.xcassets */ = {isa = PBXFileReference; lastKnownFileType = folder.assetcatalog; path = Assets.xcassets; sourceTree = "<group>"; };
		B971106D1C84827600069433 /* Base */ = {isa = PBXFileReference; lastKnownFileType = file.storyboard; name = Base; path = Base.lproj/LaunchScreen.storyboard; sourceTree = "<group>"; };
		B971106F1C84827600069433 /* Info.plist */ = {isa = PBXFileReference; lastKnownFileType = text.plist.xml; path = Info.plist; sourceTree = "<group>"; };
		B97110741C84827600069433 /* CalculatorTests.xctest */ = {isa = PBXFileReference; explicitFileType = wrapper.cfbundle; includeInIndex = 0; path = CalculatorTests.xctest; sourceTree = BUILT_PRODUCTS_DIR; };
		B971107A1C84827600069433 /* Info.plist */ = {isa = PBXFileReference; lastKnownFileType = text.plist.xml; path = Info.plist; sourceTree = "<group>"; };
		B97110831C84875400069433 /* MCABaseTestCase.h */ = {isa = PBXFileReference; fileEncoding = 4; lastKnownFileType = sourcecode.c.h; path = MCABaseTestCase.h; sourceTree = "<group>"; };
		B97110841C84875400069433 /* MCABaseTestCase.m */ = {isa = PBXFileReference; fileEncoding = 4; lastKnownFileType = sourcecode.c.objc; path = MCABaseTestCase.m; sourceTree = "<group>"; };
		B97110861C848B6D00069433 /* MCAHTTPStubUtils.h */ = {isa = PBXFileReference; fileEncoding = 4; lastKnownFileType = sourcecode.c.h; path = MCAHTTPStubUtils.h; sourceTree = "<group>"; };
		B97110871C848B6D00069433 /* MCAHTTPStubUtils.m */ = {isa = PBXFileReference; fileEncoding = 4; lastKnownFileType = sourcecode.c.objc; path = MCAHTTPStubUtils.m; sourceTree = "<group>"; };
		B99126001C968559000163F0 /* MCACalculator.h */ = {isa = PBXFileReference; fileEncoding = 4; lastKnownFileType = sourcecode.c.h; path = MCACalculator.h; sourceTree = "<group>"; };
		B99126011C968559000163F0 /* MCACalculator.m */ = {isa = PBXFileReference; fileEncoding = 4; lastKnownFileType = sourcecode.c.objc; path = MCACalculator.m; sourceTree = "<group>"; };
		B99126041C96858A000163F0 /* MCAOperator.h */ = {isa = PBXFileReference; fileEncoding = 4; lastKnownFileType = sourcecode.c.h; path = MCAOperator.h; sourceTree = "<group>"; };
		B99126051C96858A000163F0 /* MCAOperator.m */ = {isa = PBXFileReference; fileEncoding = 4; lastKnownFileType = sourcecode.c.objc; path = MCAOperator.m; sourceTree = "<group>"; };
		B9A879B31C97A96F00C10762 /* NSString+MCAOperandStringUtils.h */ = {isa = PBXFileReference; fileEncoding = 4; lastKnownFileType = sourcecode.c.h; name = "NSString+MCAOperandStringUtils.h"; path = "untitled folder 2/NSString+MCAOperandStringUtils.h"; sourceTree = "<group>"; };
		B9A879B41C97A96F00C10762 /* NSString+MCAOperandStringUtils.m */ = {isa = PBXFileReference; fileEncoding = 4; lastKnownFileType = sourcecode.c.objc; name = "NSString+MCAOperandStringUtils.m"; path = "untitled folder 2/NSString+MCAOperandStringUtils.m"; sourceTree = "<group>"; };
		B9EE7E631C97F0F600EDBF8F /* NSString+MCAOperandStringUtilsTests.m */ = {isa = PBXFileReference; fileEncoding = 4; lastKnownFileType = sourcecode.c.objc; name = "NSString+MCAOperandStringUtilsTests.m"; path = "untitled folder 2/NSString+MCAOperandStringUtilsTests.m"; sourceTree = "<group>"; };
		B9EE7E651C980EF100EDBF8F /* MCAOperatorTests.m */ = {isa = PBXFileReference; fileEncoding = 4; lastKnownFileType = sourcecode.c.objc; name = MCAOperatorTests.m; path = "untitled folder/MCAOperatorTests.m"; sourceTree = "<group>"; };
		B9EE7E671C98175000EDBF8F /* MCACalculatorTests.m */ = {isa = PBXFileReference; fileEncoding = 4; lastKnownFileType = sourcecode.c.objc; name = MCACalculatorTests.m; path = "untitled folder/MCACalculatorTests.m"; sourceTree = "<group>"; };
/* End PBXFileReference section */

/* Begin PBXFrameworksBuildPhase section */
		B97110581C84827600069433 /* Frameworks */ = {
			isa = PBXFrameworksBuildPhase;
			buildActionMask = 2147483647;
			files = (
			);
			runOnlyForDeploymentPostprocessing = 0;
		};
		B97110711C84827600069433 /* Frameworks */ = {
			isa = PBXFrameworksBuildPhase;
			buildActionMask = 2147483647;
			files = (
				7FC90CD90BE026F0CCF12F20 /* libPods-CalculatorTests.a in Frameworks */,
			);
			runOnlyForDeploymentPostprocessing = 0;
		};
/* End PBXFrameworksBuildPhase section */

/* Begin PBXGroup section */
		081D777B1C96EE2F00B82FBA /* Resources */ = {
			isa = PBXGroup;
			children = (
				081D777C1C96EE2F00B82FBA /* arithmetic.xml */,
				081D777D1C96EE2F00B82FBA /* euler.xml */,
				081D777E1C96EE2F00B82FBA /* pi.xml */,
			);
			path = Resources;
			sourceTree = "<group>";
		};
		0877E7791C92719B0028992E /* Wolfram Alpha */ = {
			isa = PBXGroup;
			children = (
				08FEDCF51C893F1500AD60AC /* MCAWolframAlphaQuery.h */,
				08FEDCF61C893F1500AD60AC /* MCAWolframAlphaQuery.m */,
				0877E77A1C9271F90028992E /* MCAWolframAlphaOutputParser.h */,
				0877E77B1C9271F90028992E /* MCAWolframAlphaOutputParser.m */,
				08F14B7E1C96495500366343 /* MCAWolframAlphaDataSource.h */,
				08F14B7F1C96495500366343 /* MCAWolframAlphaDataSource.m */,
				08F14B841C96532100366343 /* MCAWolframAlphaSectionData.h */,
				08F14B851C96532100366343 /* MCAWolframAlphaSectionData.m */,
			);
			path = "Wolfram Alpha";
			sourceTree = "<group>";
		};
		0D0828F4D06EA58CBFE01A4D /* Frameworks */ = {
			isa = PBXGroup;
			children = (
				9C111A50C89B3BE092971405 /* libPods-CalculatorTests.a */,
			);
			name = Frameworks;
			sourceTree = "<group>";
		};
		B96F48961C8D37E6003A2A2F /* Controllers */ = {
			isa = PBXGroup;
			children = (
				08B529501C97CAE100B8F6E1 /* MCACalculatorViewController.h */,
				71D5551A1D87025B0075885C /* MCACalculatorViewController.m */,
				08B529521C97CAE100B8F6E1 /* MCAWolframAlphaViewController.h */,
				08B529531C97CAE100B8F6E1 /* MCAWolframAlphaViewController.m */,
			);
			path = Controllers;
			sourceTree = "<group>";
		};
		B96F489C1C8D3B60003A2A2F /* Controllers */ = {
			isa = PBXGroup;
			children = (
				71D5551C1D87027E0075885C /* MCACalculatorViewControllerTests.m */,
				B96F489A1C8D394F003A2A2F /* MCAWolframAlphaViewControllerTests.m */,
			);
			path = Controllers;
			sourceTree = "<group>";
		};
		B97110521C84827600069433 = {
			isa = PBXGroup;
			children = (
				B971105D1C84827600069433 /* Calculator */,
				B97110771C84827600069433 /* CalculatorTests */,
				B971105C1C84827600069433 /* Products */,
				C63557D429AD25FFBFD25C0D /* Pods */,
				0D0828F4D06EA58CBFE01A4D /* Frameworks */,
			);
			sourceTree = "<group>";
		};
		B971105C1C84827600069433 /* Products */ = {
			isa = PBXGroup;
			children = (
				B971105B1C84827600069433 /* Calculator.app */,
				B97110741C84827600069433 /* CalculatorTests.xctest */,
			);
			name = Products;
			sourceTree = "<group>";
		};
		B971105D1C84827600069433 /* Calculator */ = {
			isa = PBXGroup;
			children = (
				0877E7791C92719B0028992E /* Wolfram Alpha */,
				B97110611C84827600069433 /* MCAAppDelegate.h */,
				B97110621C84827600069433 /* MCAAppDelegate.m */,
				08F14B811C96503700366343 /* MCAWolframAlphaTableViewCell.h */,
				08F14B821C96503700366343 /* MCAWolframAlphaTableViewCell.m */,
				B96F48961C8D37E6003A2A2F /* Controllers */,
				B99126031C96856E000163F0 /* Models */,
				B9A879B61C97A97500C10762 /* Utilities */,
				B971106A1C84827600069433 /* Assets.xcassets */,
				B971106C1C84827600069433 /* LaunchScreen.storyboard */,
				B971106F1C84827600069433 /* Info.plist */,
				B971105E1C84827600069433 /* Supporting Files */,
			);
			path = Calculator;
			sourceTree = "<group>";
		};
		B971105E1C84827600069433 /* Supporting Files */ = {
			isa = PBXGroup;
			children = (
				B971105F1C84827600069433 /* main.m */,
			);
			name = "Supporting Files";
			sourceTree = "<group>";
		};
		B97110771C84827600069433 /* CalculatorTests */ = {
			isa = PBXGroup;
			children = (
				081D777B1C96EE2F00B82FBA /* Resources */,
				B96F489C1C8D3B60003A2A2F /* Controllers */,
				B97110831C84875400069433 /* MCABaseTestCase.h */,
				B97110841C84875400069433 /* MCABaseTestCase.m */,
				08FEDCF81C8940EB00AD60AC /* MCAWolframAlphaQueryTests.m */,
				08F14B871C965B8500366343 /* MCAWolframAlphaOutputParserTests.m */,
				B9EE7E621C97F0BF00EDBF8F /* Tests */,
				B971107A1C84827600069433 /* Info.plist */,
				B97110891C848B7B00069433 /* Utilities */,
			);
			path = CalculatorTests;
			sourceTree = "<group>";
		};
		B97110891C848B7B00069433 /* Utilities */ = {
			isa = PBXGroup;
			children = (
				B97110861C848B6D00069433 /* MCAHTTPStubUtils.h */,
				B97110871C848B6D00069433 /* MCAHTTPStubUtils.m */,
			);
			path = Utilities;
			sourceTree = "<group>";
		};
		B99126031C96856E000163F0 /* Models */ = {
			isa = PBXGroup;
			children = (
				B99126001C968559000163F0 /* MCACalculator.h */,
				B99126011C968559000163F0 /* MCACalculator.m */,
				B99126041C96858A000163F0 /* MCAOperator.h */,
				B99126051C96858A000163F0 /* MCAOperator.m */,
			);
			name = Models;
			sourceTree = "<group>";
		};
		B9A879AF1C97895E00C10762 /* Models */ = {
			isa = PBXGroup;
			children = (
				B9EE7E651C980EF100EDBF8F /* MCAOperatorTests.m */,
				B9EE7E671C98175000EDBF8F /* MCACalculatorTests.m */,
			);
			name = Models;
			sourceTree = "<group>";
		};
		B9A879B61C97A97500C10762 /* Utilities */ = {
			isa = PBXGroup;
			children = (
				71D555181D87023E0075885C /* Main.storyboard */,
				B9A879B31C97A96F00C10762 /* NSString+MCAOperandStringUtils.h */,
				B9A879B41C97A96F00C10762 /* NSString+MCAOperandStringUtils.m */,
			);
			name = Utilities;
			sourceTree = "<group>";
		};
		B9EE7E621C97F0BF00EDBF8F /* Tests */ = {
			isa = PBXGroup;
			children = (
				B9A879AF1C97895E00C10762 /* Models */,
				B9EE7E631C97F0F600EDBF8F /* NSString+MCAOperandStringUtilsTests.m */,
			);
			name = Tests;
			sourceTree = "<group>";
		};
		C63557D429AD25FFBFD25C0D /* Pods */ = {
			isa = PBXGroup;
			children = (
				6A9ACF163432DE7C7B37BF95 /* Pods-CalculatorTests.debug.xcconfig */,
				6D9BBD36DA82E0F72788A137 /* Pods-CalculatorTests.release.xcconfig */,
			);
			name = Pods;
			sourceTree = "<group>";
		};
/* End PBXGroup section */

/* Begin PBXNativeTarget section */
		B971105A1C84827600069433 /* Calculator */ = {
			isa = PBXNativeTarget;
			buildConfigurationList = B971107D1C84827600069433 /* Build configuration list for PBXNativeTarget "Calculator" */;
			buildPhases = (
				B97110571C84827600069433 /* Sources */,
				B97110581C84827600069433 /* Frameworks */,
				B97110591C84827600069433 /* Resources */,
			);
			buildRules = (
			);
			dependencies = (
			);
			name = Calculator;
			productName = Calculator;
			productReference = B971105B1C84827600069433 /* Calculator.app */;
			productType = "com.apple.product-type.application";
		};
		B97110731C84827600069433 /* CalculatorTests */ = {
			isa = PBXNativeTarget;
			buildConfigurationList = B97110801C84827600069433 /* Build configuration list for PBXNativeTarget "CalculatorTests" */;
			buildPhases = (
				720F55BF34823A8B30AB2CA7 /* Check Pods Manifest.lock */,
				B97110701C84827600069433 /* Sources */,
				B97110711C84827600069433 /* Frameworks */,
				B97110721C84827600069433 /* Resources */,
				9291511F69F64B2805CC731B /* Copy Pods Resources */,
			);
			buildRules = (
			);
			dependencies = (
				B97110761C84827600069433 /* PBXTargetDependency */,
			);
			name = CalculatorTests;
			productName = CalculatorTests;
			productReference = B97110741C84827600069433 /* CalculatorTests.xctest */;
			productType = "com.apple.product-type.bundle.unit-test";
		};
/* End PBXNativeTarget section */

/* Begin PBXProject section */
		B97110531C84827600069433 /* Project object */ = {
			isa = PBXProject;
			attributes = {
				LastUpgradeCheck = 0720;
				ORGANIZATIONNAME = "Mobiquity, Inc.";
				TargetAttributes = {
					B971105A1C84827600069433 = {
						CreatedOnToolsVersion = 7.2.1;
					};
					B97110731C84827600069433 = {
						CreatedOnToolsVersion = 7.2.1;
						TestTargetID = B971105A1C84827600069433;
					};
				};
			};
			buildConfigurationList = B97110561C84827600069433 /* Build configuration list for PBXProject "Calculator" */;
			compatibilityVersion = "Xcode 3.2";
			developmentRegion = English;
			hasScannedForEncodings = 0;
			knownRegions = (
				en,
				Base,
			);
			mainGroup = B97110521C84827600069433;
			productRefGroup = B971105C1C84827600069433 /* Products */;
			projectDirPath = "";
			projectRoot = "";
			targets = (
				B971105A1C84827600069433 /* Calculator */,
				B97110731C84827600069433 /* CalculatorTests */,
			);
		};
/* End PBXProject section */

/* Begin PBXResourcesBuildPhase section */
		B97110591C84827600069433 /* Resources */ = {
			isa = PBXResourcesBuildPhase;
			buildActionMask = 2147483647;
			files = (
				71D555191D87023E0075885C /* Main.storyboard in Resources */,
				B971106E1C84827600069433 /* LaunchScreen.storyboard in Resources */,
				B971106B1C84827600069433 /* Assets.xcassets in Resources */,
			);
			runOnlyForDeploymentPostprocessing = 0;
		};
		B97110721C84827600069433 /* Resources */ = {
			isa = PBXResourcesBuildPhase;
			buildActionMask = 2147483647;
			files = (
				081D77811C96EE2F00B82FBA /* pi.xml in Resources */,
				081D777F1C96EE2F00B82FBA /* arithmetic.xml in Resources */,
				081D77801C96EE2F00B82FBA /* euler.xml in Resources */,
			);
			runOnlyForDeploymentPostprocessing = 0;
		};
/* End PBXResourcesBuildPhase section */

/* Begin PBXShellScriptBuildPhase section */
		720F55BF34823A8B30AB2CA7 /* Check Pods Manifest.lock */ = {
			isa = PBXShellScriptBuildPhase;
			buildActionMask = 2147483647;
			files = (
			);
			inputPaths = (
			);
			name = "Check Pods Manifest.lock";
			outputPaths = (
			);
			runOnlyForDeploymentPostprocessing = 0;
			shellPath = /bin/sh;
			shellScript = "diff \"${PODS_ROOT}/../Podfile.lock\" \"${PODS_ROOT}/Manifest.lock\" > /dev/null\nif [[ $? != 0 ]] ; then\n    cat << EOM\nerror: The sandbox is not in sync with the Podfile.lock. Run 'pod install' or update your CocoaPods installation.\nEOM\n    exit 1\nfi\n";
			showEnvVarsInLog = 0;
		};
		9291511F69F64B2805CC731B /* Copy Pods Resources */ = {
			isa = PBXShellScriptBuildPhase;
			buildActionMask = 2147483647;
			files = (
			);
			inputPaths = (
			);
			name = "Copy Pods Resources";
			outputPaths = (
			);
			runOnlyForDeploymentPostprocessing = 0;
			shellPath = /bin/sh;
			shellScript = "\"${SRCROOT}/Pods/Target Support Files/Pods-CalculatorTests/Pods-CalculatorTests-resources.sh\"\n";
			showEnvVarsInLog = 0;
		};
/* End PBXShellScriptBuildPhase section */

/* Begin PBXSourcesBuildPhase section */
		B97110571C84827600069433 /* Sources */ = {
			isa = PBXSourcesBuildPhase;
			buildActionMask = 2147483647;
			files = (
				08B529551C97CAE100B8F6E1 /* MCAWolframAlphaViewController.m in Sources */,
				B97110631C84827600069433 /* MCAAppDelegate.m in Sources */,
				08FEDCF71C893F1500AD60AC /* MCAWolframAlphaQuery.m in Sources */,
				B97110601C84827600069433 /* main.m in Sources */,
				08F14B861C96532100366343 /* MCAWolframAlphaSectionData.m in Sources */,
				08F14B831C96503700366343 /* MCAWolframAlphaTableViewCell.m in Sources */,
				08F14B801C96495500366343 /* MCAWolframAlphaDataSource.m in Sources */,
				0877E77C1C9271F90028992E /* MCAWolframAlphaOutputParser.m in Sources */,
				B9A879B51C97A96F00C10762 /* NSString+MCAOperandStringUtils.m in Sources */,
				B99126061C96858A000163F0 /* MCAOperator.m in Sources */,
				71D5551B1D87025B0075885C /* MCACalculatorViewController.m in Sources */,
				B99126021C968559000163F0 /* MCACalculator.m in Sources */,
			);
			runOnlyForDeploymentPostprocessing = 0;
		};
		B97110701C84827600069433 /* Sources */ = {
			isa = PBXSourcesBuildPhase;
			buildActionMask = 2147483647;
			files = (
				B9EE7E641C97F0F600EDBF8F /* NSString+MCAOperandStringUtilsTests.m in Sources */,
				B96F489B1C8D394F003A2A2F /* MCAWolframAlphaViewControllerTests.m in Sources */,
				B97110851C84875400069433 /* MCABaseTestCase.m in Sources */,
				B9EE7E661C980EF100EDBF8F /* MCAOperatorTests.m in Sources */,
				71D5551D1D87027E0075885C /* MCACalculatorViewControllerTests.m in Sources */,
				B9EE7E681C98175000EDBF8F /* MCACalculatorTests.m in Sources */,
				08F14B881C965B8500366343 /* MCAWolframAlphaOutputParserTests.m in Sources */,
				08FEDCF91C8940EB00AD60AC /* MCAWolframAlphaQueryTests.m in Sources */,
				B97110881C848B6D00069433 /* MCAHTTPStubUtils.m in Sources */,
			);
			runOnlyForDeploymentPostprocessing = 0;
		};
/* End PBXSourcesBuildPhase section */

/* Begin PBXTargetDependency section */
		B97110761C84827600069433 /* PBXTargetDependency */ = {
			isa = PBXTargetDependency;
			target = B971105A1C84827600069433 /* Calculator */;
			targetProxy = B97110751C84827600069433 /* PBXContainerItemProxy */;
		};
/* End PBXTargetDependency section */

/* Begin PBXVariantGroup section */
		B971106C1C84827600069433 /* LaunchScreen.storyboard */ = {
			isa = PBXVariantGroup;
			children = (
				B971106D1C84827600069433 /* Base */,
			);
			name = LaunchScreen.storyboard;
			sourceTree = "<group>";
		};
/* End PBXVariantGroup section */

/* Begin XCBuildConfiguration section */
		B971107B1C84827600069433 /* Debug */ = {
			isa = XCBuildConfiguration;
			buildSettings = {
				ALWAYS_SEARCH_USER_PATHS = NO;
				CLANG_CXX_LANGUAGE_STANDARD = "gnu++0x";
				CLANG_CXX_LIBRARY = "libc++";
				CLANG_ENABLE_MODULES = YES;
				CLANG_ENABLE_OBJC_ARC = YES;
				CLANG_WARN_BOOL_CONVERSION = YES;
				CLANG_WARN_CONSTANT_CONVERSION = YES;
				CLANG_WARN_DIRECT_OBJC_ISA_USAGE = YES_ERROR;
				CLANG_WARN_EMPTY_BODY = YES;
				CLANG_WARN_ENUM_CONVERSION = YES;
				CLANG_WARN_INT_CONVERSION = YES;
				CLANG_WARN_OBJC_ROOT_CLASS = YES_ERROR;
				CLANG_WARN_UNREACHABLE_CODE = YES;
				CLANG_WARN__DUPLICATE_METHOD_MATCH = YES;
				"CODE_SIGN_IDENTITY[sdk=iphoneos*]" = "iPhone Developer";
				COPY_PHASE_STRIP = NO;
				DEBUG_INFORMATION_FORMAT = dwarf;
				ENABLE_STRICT_OBJC_MSGSEND = YES;
				ENABLE_TESTABILITY = YES;
				GCC_C_LANGUAGE_STANDARD = gnu99;
				GCC_DYNAMIC_NO_PIC = NO;
				GCC_NO_COMMON_BLOCKS = YES;
				GCC_OPTIMIZATION_LEVEL = 0;
				GCC_PREPROCESSOR_DEFINITIONS = (
					"DEBUG=1",
					"$(inherited)",
				);
				GCC_WARN_64_TO_32_BIT_CONVERSION = YES;
				GCC_WARN_ABOUT_RETURN_TYPE = YES_ERROR;
				GCC_WARN_UNDECLARED_SELECTOR = YES;
				GCC_WARN_UNINITIALIZED_AUTOS = YES_AGGRESSIVE;
				GCC_WARN_UNUSED_FUNCTION = YES;
				GCC_WARN_UNUSED_VARIABLE = YES;
				IPHONEOS_DEPLOYMENT_TARGET = 9.2;
				MTL_ENABLE_DEBUG_INFO = YES;
				ONLY_ACTIVE_ARCH = YES;
				SDKROOT = iphoneos;
			};
			name = Debug;
		};
		B971107C1C84827600069433 /* Release */ = {
			isa = XCBuildConfiguration;
			buildSettings = {
				ALWAYS_SEARCH_USER_PATHS = NO;
				CLANG_CXX_LANGUAGE_STANDARD = "gnu++0x";
				CLANG_CXX_LIBRARY = "libc++";
				CLANG_ENABLE_MODULES = YES;
				CLANG_ENABLE_OBJC_ARC = YES;
				CLANG_WARN_BOOL_CONVERSION = YES;
				CLANG_WARN_CONSTANT_CONVERSION = YES;
				CLANG_WARN_DIRECT_OBJC_ISA_USAGE = YES_ERROR;
				CLANG_WARN_EMPTY_BODY = YES;
				CLANG_WARN_ENUM_CONVERSION = YES;
				CLANG_WARN_INT_CONVERSION = YES;
				CLANG_WARN_OBJC_ROOT_CLASS = YES_ERROR;
				CLANG_WARN_UNREACHABLE_CODE = YES;
				CLANG_WARN__DUPLICATE_METHOD_MATCH = YES;
				"CODE_SIGN_IDENTITY[sdk=iphoneos*]" = "iPhone Developer";
				COPY_PHASE_STRIP = NO;
				DEBUG_INFORMATION_FORMAT = "dwarf-with-dsym";
				ENABLE_NS_ASSERTIONS = NO;
				ENABLE_STRICT_OBJC_MSGSEND = YES;
				GCC_C_LANGUAGE_STANDARD = gnu99;
				GCC_NO_COMMON_BLOCKS = YES;
				GCC_WARN_64_TO_32_BIT_CONVERSION = YES;
				GCC_WARN_ABOUT_RETURN_TYPE = YES_ERROR;
				GCC_WARN_UNDECLARED_SELECTOR = YES;
				GCC_WARN_UNINITIALIZED_AUTOS = YES_AGGRESSIVE;
				GCC_WARN_UNUSED_FUNCTION = YES;
				GCC_WARN_UNUSED_VARIABLE = YES;
				IPHONEOS_DEPLOYMENT_TARGET = 9.2;
				MTL_ENABLE_DEBUG_INFO = NO;
				SDKROOT = iphoneos;
				VALIDATE_PRODUCT = YES;
			};
			name = Release;
		};
		B971107E1C84827600069433 /* Debug */ = {
			isa = XCBuildConfiguration;
			buildSettings = {
				ASSETCATALOG_COMPILER_APPICON_NAME = AppIcon;
				INFOPLIST_FILE = Calculator/Info.plist;
				LD_RUNPATH_SEARCH_PATHS = "$(inherited) @executable_path/Frameworks";
				PRODUCT_BUNDLE_IDENTIFIER = com.mobiquityinc.Calculator;
				PRODUCT_NAME = "$(TARGET_NAME)";
			};
			name = Debug;
		};
		B971107F1C84827600069433 /* Release */ = {
			isa = XCBuildConfiguration;
			buildSettings = {
				ASSETCATALOG_COMPILER_APPICON_NAME = AppIcon;
				INFOPLIST_FILE = Calculator/Info.plist;
				LD_RUNPATH_SEARCH_PATHS = "$(inherited) @executable_path/Frameworks";
				PRODUCT_BUNDLE_IDENTIFIER = com.mobiquityinc.Calculator;
				PRODUCT_NAME = "$(TARGET_NAME)";
			};
			name = Release;
		};
		B97110811C84827600069433 /* Debug */ = {
			isa = XCBuildConfiguration;
			baseConfigurationReference = 6A9ACF163432DE7C7B37BF95 /* Pods-CalculatorTests.debug.xcconfig */;
			buildSettings = {
				BUNDLE_LOADER = "$(TEST_HOST)";
				INFOPLIST_FILE = CalculatorTests/Info.plist;
				LD_RUNPATH_SEARCH_PATHS = "$(inherited) @executable_path/Frameworks @loader_path/Frameworks";
				PRODUCT_BUNDLE_IDENTIFIER = com.mobiquityinc.CalculatorTests;
				PRODUCT_NAME = "$(TARGET_NAME)";
				TEST_HOST = "$(BUILT_PRODUCTS_DIR)/Calculator.app/Calculator";
			};
			name = Debug;
		};
		B97110821C84827600069433 /* Release */ = {
			isa = XCBuildConfiguration;
			baseConfigurationReference = 6D9BBD36DA82E0F72788A137 /* Pods-CalculatorTests.release.xcconfig */;
			buildSettings = {
				BUNDLE_LOADER = "$(TEST_HOST)";
				INFOPLIST_FILE = CalculatorTests/Info.plist;
				LD_RUNPATH_SEARCH_PATHS = "$(inherited) @executable_path/Frameworks @loader_path/Frameworks";
				PRODUCT_BUNDLE_IDENTIFIER = com.mobiquityinc.CalculatorTests;
				PRODUCT_NAME = "$(TARGET_NAME)";
				TEST_HOST = "$(BUILT_PRODUCTS_DIR)/Calculator.app/Calculator";
			};
			name = Release;
		};
/* End XCBuildConfiguration section */

/* Begin XCConfigurationList section */
		B97110561C84827600069433 /* Build configuration list for PBXProject "Calculator" */ = {
			isa = XCConfigurationList;
			buildConfigurations = (
				B971107B1C84827600069433 /* Debug */,
				B971107C1C84827600069433 /* Release */,
			);
			defaultConfigurationIsVisible = 0;
			defaultConfigurationName = Release;
		};
		B971107D1C84827600069433 /* Build configuration list for PBXNativeTarget "Calculator" */ = {
			isa = XCConfigurationList;
			buildConfigurations = (
				B971107E1C84827600069433 /* Debug */,
				B971107F1C84827600069433 /* Release */,
			);
			defaultConfigurationIsVisible = 0;
			defaultConfigurationName = Release;
		};
		B97110801C84827600069433 /* Build configuration list for PBXNativeTarget "CalculatorTests" */ = {
			isa = XCConfigurationList;
			buildConfigurations = (
				B97110811C84827600069433 /* Debug */,
				B97110821C84827600069433 /* Release */,
			);
			defaultConfigurationIsVisible = 0;
			defaultConfigurationName = Release;
		};
/* End XCConfigurationList section */
	};
	rootObject = B97110531C84827600069433 /* Project object */;
}
